
Microsoft Visual Studio Solution File, Format Version 12.00
# Visual Studio Version 17
VisualStudioVersion = 17.5.33627.172
MinimumVisualStudioVersion = 10.0.40219.1
Project("{FAE04EC0-301F-11D3-BF4B-00C04F79EFBC}") = "maxmin", "maxmin\maxmin.csproj", "{B21E6120-CFC1-4048-90D5-B722641E5A81}"
EndProject
Global
	GlobalSection(SolutionConfigurationPlatforms) = preSolution
		Debug|Any CPU = Debug|Any CPU
		Release|Any CPU = Release|Any CPU
	EndGlobalSection
	GlobalSection(ProjectConfigurationPlatforms) = postSolution
		{B21E6120-CFC1-4048-90D5-B722641E5A81}.Debug|Any CPU.ActiveCfg = Debug|Any CPU
		{B21E6120-CFC1-4048-90D5-B722641E5A81}.Debug|Any CPU.Build.0 = Debug|Any CPU
		{B21E6120-CFC1-4048-90D5-B722641E5A81}.Release|Any CPU.ActiveCfg = Release|Any CPU
		{B21E6120-CFC1-4048-90D5-B722641E5A81}.Release|Any CPU.Build.0 = Release|Any CPU
	EndGlobalSection
	GlobalSection(SolutionProperties) = preSolution
		HideSolutionNode = FALSE
	EndGlobalSection
	GlobalSection(ExtensibilityGlobals) = postSolution
		SolutionGuid = {0A8C7B27-96DA-4DA3-9AE9-34EA7C91F0AD}
	EndGlobalSection
EndGlobal
